<?xml version="1.0" encoding="utf-8"?>
<Project ToolsVersion="4.0" xmlns="http://schemas.microsoft.com/developer/msbuild/2003">
  <ItemGroup>
    <Filter Include="Source Files">
      <UniqueIdentifier>{4FC737F1-C7A5-4376-A066-2A32D752A2FF}</UniqueIdentifier>
      <Extensions>cpp;c;cc;cxx;def;odl;idl;hpj;bat;asm;asmx</Extensions>
    </Filter>
    <Filter Include="Header Files">
      <UniqueIdentifier>{93995380-89BD-4b04-88EB-625FBE52EBFB}</UniqueIdentifier>
      <Extensions>h;hh;hpp;hxx;hm;inl;inc;xsd</Extensions>
    </Filter>
    <Filter Include="Resource Files">
      <UniqueIdentifier>{67DA6AB6-F800-4c08-8B7A-83BB121AAD01}</UniqueIdentifier>
      <Extensions>rc;ico;cur;bmp;dlg;rc2;rct;bin;rgs;gif;jpg;jpeg;jpe;resx;tiff;tif;png;wav;mfcribbon-ms</Extensions>
    </Filter>
    <Filter Include="Resource Files\dll">
      <UniqueIdentifier>{19e15662-4c12-4a34-ae26-f1e4c55e2ed6}</UniqueIdentifier>
    </Filter>
    <Filter Include="Resource Files\dll\soundtouch">
      <UniqueIdentifier>{32f7e60d-8013-4bc5-97f2-ea46ff0eb44c}</UniqueIdentifier>
    </Filter>
    <Filter Include="Resource Files\engine">
      <UniqueIdentifier>{dd0f627e-1b27-4b22-bd33-cc62510e3a5a}</UniqueIdentifier>
    </Filter>
    <Filter Include="Resource Files\engine\font">
      <UniqueIdentifier>{7e18b547-b2a2-46d4-8735-e97fa50deb52}</UniqueIdentifier>
    </Filter>
    <Filter Include="Resource Files\engine\shader">
      <UniqueIdentifier>{6e6c20ba-4683-4351-a296-e48fc1bd13b6}</UniqueIdentifier>
    </Filter>
    <Filter Include="Resource Files\engine\soundfont">
      <UniqueIdentifier>{4c0a52c1-e26c-4fb0-8f66-9d159a27e1ab}</UniqueIdentifier>
    </Filter>
    <Filter Include="Resource Files\engine\texture">
      <UniqueIdentifier>{c2c61b9f-26e5-4d11-af08-b440078e2859}</UniqueIdentifier>
    </Filter>
    <Filter Include="Resource Files\engine\font\fontawesome">
      <UniqueIdentifier>{ab17fde8-8462-494e-83c4-a2c8282a848f}</UniqueIdentifier>
    </Filter>
    <Filter Include="Resource Files\engine\font\materialdesignicons">
      <UniqueIdentifier>{8b14efac-ff68-46db-8547-a9449e1b81b2}</UniqueIdentifier>
    </Filter>
    <Filter Include="Resource Files\engine\font\mplus">
      <UniqueIdentifier>{90f12eb8-452b-4c24-b387-90d6f03cf8aa}</UniqueIdentifier>
    </Filter>
    <Filter Include="Resource Files\engine\font\noto-cjk">
      <UniqueIdentifier>{e515dda5-8ec6-467d-ad63-4473ba6a2bb0}</UniqueIdentifier>
    </Filter>
    <Filter Include="Resource Files\engine\font\noto-emoji">
      <UniqueIdentifier>{bf0377f2-4172-4f4c-92fa-28160e525693}</UniqueIdentifier>
    </Filter>
    <Filter Include="Resource Files\engine\shader\d3d11">
      <UniqueIdentifier>{4da703f4-3907-44b1-a9c9-abe785f834e9}</UniqueIdentifier>
    </Filter>
    <Filter Include="Resource Files\engine\shader\glsl">
      <UniqueIdentifier>{129c7b8e-3369-41b7-ba3c-5cd490396ffb}</UniqueIdentifier>
    </Filter>
    <Filter Include="Resource Files\engine\texture\box-shadow">
      <UniqueIdentifier>{8c8c80fe-a6dc-452d-b92d-fbb22ec16326}</UniqueIdentifier>
    </Filter>
    <Filter Include="Resource Files\engine\font\min">
      <UniqueIdentifier>{1b103960-f11a-4515-b4f1-f59333ce00d9}</UniqueIdentifier>
    </Filter>
    <Filter Include="Src">
      <UniqueIdentifier>{5484c896-9bbc-484e-a42a-2ba67eef9908}</UniqueIdentifier>
    </Filter>
    <Filter Include="Src\ButtonSet">
      <UniqueIdentifier>{bd21beff-cf85-45e2-b45a-cfebf103e82a}</UniqueIdentifier>
    </Filter>
    <Filter Include="Src\ButtonSet\Button">
      <UniqueIdentifier>{663fe44b-5d2d-4fee-9feb-4b6ca24b834d}</UniqueIdentifier>
    </Filter>
    <Filter Include="Src\Config">
      <UniqueIdentifier>{17b4736a-d5ae-4f35-aaca-5769631e2ca6}</UniqueIdentifier>
    </Filter>
    <Filter Include="Src\MyLibrary">
      <UniqueIdentifier>{3665e888-c51d-4e67-ba01-580963e428ef}</UniqueIdentifier>
    </Filter>
    <Filter Include="Src\MyLibrary\Linearly">
      <UniqueIdentifier>{49b1064a-86a3-4f89-a0f5-66a5520110fe}</UniqueIdentifier>
    </Filter>
    <Filter Include="Src\MyLibrary\SliceTexture">
      <UniqueIdentifier>{4f3caa84-a635-480c-ba00-7ff10f8a8ee9}</UniqueIdentifier>
    </Filter>
    <Filter Include="Src\MyLibrary\SliceTexture\Animation">
      <UniqueIdentifier>{68668729-de07-4ea8-84a1-064ff66a6e65}</UniqueIdentifier>
    </Filter>
    <Filter Include="Src\MyPixelShader">
      <UniqueIdentifier>{ba5bfc50-25e8-48b9-8b9c-1ae37e476e23}</UniqueIdentifier>
    </Filter>
    <Filter Include="Src\Scene">
      <UniqueIdentifier>{ae4b777a-b064-4e90-ae57-615e2da6d047}</UniqueIdentifier>
    </Filter>
    <Filter Include="Src\Scene\DesktopScene">
      <UniqueIdentifier>{7e4c9a02-0a7f-4499-87bc-be587b46a378}</UniqueIdentifier>
    </Filter>
    <Filter Include="Src\Scene\LoadScene">
      <UniqueIdentifier>{2df22e31-ae36-4ae7-90a9-f02b4f49df61}</UniqueIdentifier>
    </Filter>
    <Filter Include="Src\Scene\LoadScene\LoadBoardScene">
      <UniqueIdentifier>{9475e14f-c508-408d-bfad-d91bd4ff4e2d}</UniqueIdentifier>
    </Filter>
    <Filter Include="Src\Scene\LoadScene\LoadRecordScene">
      <UniqueIdentifier>{09dc5838-4395-41e9-9d3c-7e1dfa31496e}</UniqueIdentifier>
    </Filter>
    <Filter Include="Src\Scene\LoadScene\SaveRecordScene">
      <UniqueIdentifier>{2e3b19a1-ff0f-4e3c-aa5b-1ec2d64cb0d3}</UniqueIdentifier>
    </Filter>
    <Filter Include="Src\Scene\SelectRecordScene">
      <UniqueIdentifier>{b0df4b7a-9cde-4854-9c1c-dd5e4809c797}</UniqueIdentifier>
    </Filter>
    <Filter Include="Src\Scene\TitleScene">
      <UniqueIdentifier>{b0214fce-0af7-4169-947a-f0e793008e1c}</UniqueIdentifier>
    </Filter>
    <Filter Include="Src\ShareData">
      <UniqueIdentifier>{98e88790-6711-4262-b2a5-7903d28618bc}</UniqueIdentifier>
    </Filter>
    <Filter Include="Src\ShareData\BoardManager">
      <UniqueIdentifier>{cb6a7420-a636-40b0-b4be-bbfddc2616a4}</UniqueIdentifier>
    </Filter>
    <Filter Include="Src\ShareData\BoardManager\Board">
      <UniqueIdentifier>{03b011c2-d149-487d-b41b-0884df400193}</UniqueIdentifier>
    </Filter>
    <Filter Include="Src\ShareData\BoardManager\Board\AccessBoard">
      <UniqueIdentifier>{b92da971-017c-483f-81ba-6af4d544f6c1}</UniqueIdentifier>
    </Filter>
    <Filter Include="Src\ShareData\BoardManager\Board\AccessBoard\AccessObject">
      <UniqueIdentifier>{28903573-7b2a-42f6-8182-b95a8a9126be}</UniqueIdentifier>
    </Filter>
    <Filter Include="Src\ShareData\BoardManager\Board\AccessBoard\AccessObject\AccessLight">
      <UniqueIdentifier>{a5c28454-bd47-408d-8577-bb21282f3f9b}</UniqueIdentifier>
    </Filter>
    <Filter Include="Src\ShareData\BoardManager\Board\AccessBoard\AccessObject\EnemyAccessObject">
      <UniqueIdentifier>{6d50bd74-2a63-4ea3-bc78-bbd82457ab34}</UniqueIdentifier>
    </Filter>
    <Filter Include="Src\ShareData\BoardManager\Board\AccessBoard\AccessObject\GoalAccessObject">
      <UniqueIdentifier>{b5e11183-3fea-4870-a354-070f93c6ee41}</UniqueIdentifier>
    </Filter>
    <Filter Include="Src\ShareData\BoardManager\Board\AccessBoard\AccessObject\AccessLight\PolarLine">
      <UniqueIdentifier>{36b90f01-4f67-4df1-be2c-23e2f093d896}</UniqueIdentifier>
    </Filter>
    <Filter Include="Src\ShareData\BoardManager\Board\AccessBoard\AccessObject\AccessLight\PolarLine\PolarPos">
      <UniqueIdentifier>{736f1e90-c9d7-4633-bbe3-b088f93296c0}</UniqueIdentifier>
    </Filter>
    <Filter Include="Src\ShareData\BoardManager\Board\AccessBoard\AccessObject\MinionAccessObject">
      <UniqueIdentifier>{049f848c-41a5-47ed-a833-f75587b419f2}</UniqueIdentifier>
    </Filter>
    <Filter Include="Src\ShareData\BoardManager\Board\AccessBoard\AccessObject\PlayerAccessObject">
      <UniqueIdentifier>{83df5f47-e8ba-49b2-81b8-5e84cda3b02c}</UniqueIdentifier>
    </Filter>
    <Filter Include="Src\ShareData\BoardManager\Board\AccessBoard\AccessState">
      <UniqueIdentifier>{0b050122-3cf6-4cca-b9f2-f4ce475ca855}</UniqueIdentifier>
    </Filter>
    <Filter Include="Src\ShareData\BoardManager\Board\AccessBoard\AccessState\FailedAccessState">
      <UniqueIdentifier>{c76708fe-aa12-449a-bf54-f85eb887e589}</UniqueIdentifier>
    </Filter>
    <Filter Include="Src\ShareData\BoardManager\Board\AccessBoard\AccessState\PlayingAccessState">
      <UniqueIdentifier>{082c281b-2c41-468d-907a-2dc74f81bd60}</UniqueIdentifier>
    </Filter>
    <Filter Include="Src\ShareData\BoardManager\Board\AccessBoard\AccessState\StartingAccessState">
      <UniqueIdentifier>{f6ff124a-c9ee-4b28-8961-19e28375aaad}</UniqueIdentifier>
    </Filter>
    <Filter Include="Src\ShareData\BoardManager\Board\AccessBoard\AccessState\SuccessAccessState">
      <UniqueIdentifier>{c5255c6f-73ee-40ae-b306-a28b29a05901}</UniqueIdentifier>
    </Filter>
    <Filter Include="Src\ShareData\BoardManager\Board\AccessBoard\Terrain">
      <UniqueIdentifier>{d02c4fd4-6b8f-4dd0-becb-8f7deb047a68}</UniqueIdentifier>
    </Filter>
    <Filter Include="Src\ShareData\BoardManager\Board\MessageBoard">
      <UniqueIdentifier>{e172a083-18e4-4894-b135-5d6702216381}</UniqueIdentifier>
    </Filter>
    <Filter Include="Src\ShareData\BoardManager\Board\MessageBoard\EventPlayer">
      <UniqueIdentifier>{f5312a87-a2f9-445e-9dd2-0b9bc3c121c4}</UniqueIdentifier>
    </Filter>
    <Filter Include="Src\ShareData\BoardManager\Board\MessageBoard\EventPlayer\EventObject">
      <UniqueIdentifier>{187cd084-141b-40c2-83c7-cf98ea05cff4}</UniqueIdentifier>
    </Filter>
    <Filter Include="Src\ShareData\BoardManager\Board\MessageBoard\EventPlayer\EventObject\TextureEventObject">
      <UniqueIdentifier>{b42acf40-a621-4f57-a514-61815121f497}</UniqueIdentifier>
    </Filter>
    <Filter Include="Src\ShareData\BoardManager\Board\AccessBoard\Terrain\EdgeList">
      <UniqueIdentifier>{ef728576-84c5-401e-9de1-35e2f801531f}</UniqueIdentifier>
    </Filter>
    <Filter Include="Src\ShareData\RecordSet">
      <UniqueIdentifier>{514b82f8-7443-4e7d-a566-b281e24b1875}</UniqueIdentifier>
    </Filter>
    <Filter Include="Src\ShareData\RecordSet\Record">
      <UniqueIdentifier>{f5902d7c-2ca3-4a10-965b-9fc5868ac4d9}</UniqueIdentifier>
    </Filter>
    <Filter Include="Src\Scene\SelectRecordScene\RecordBox">
      <UniqueIdentifier>{953584a2-1bc8-4aaf-a182-047890ef466c}</UniqueIdentifier>
    </Filter>
    <Filter Include="Src\ShareData\BoardManager\Board\MessageBoard\EventPlayer\EventObject\MessageEventObject">
      <UniqueIdentifier>{1ce0cd82-1f87-4e98-beb5-3de119f12689}</UniqueIdentifier>
    </Filter>
    <Filter Include="Src\ShareData\BoardManager\Board\SecurityBoard">
      <UniqueIdentifier>{72fa4867-1ea6-47ba-951a-af42d1223d3c}</UniqueIdentifier>
    </Filter>
    <Filter Include="Src\ShareData\BoardManager\Board\AccessBoard\AccessObject\TrackAccessObject">
      <UniqueIdentifier>{29324501-8802-466a-96a7-64da0d3db831}</UniqueIdentifier>
    </Filter>
    <Filter Include="Src\ShareData\BoardManager\Board\AccessBoard\AccessObject\MinionAccessObject\SearchingMinionAccessObject">
      <UniqueIdentifier>{b34f0cef-bea8-4553-8619-16ea5623ae0c}</UniqueIdentifier>
    </Filter>
    <Filter Include="Src\ShareData\BoardManager\Board\AccessBoard\AccessObject\MinionAccessObject\ProtectingMinionAccessObject">
      <UniqueIdentifier>{d0b416c0-6488-4d93-adb9-bd1705b102b4}</UniqueIdentifier>
    </Filter>
    <Filter Include="Src\ShareData\BoardManager\Board\AccessBoard\AccessObject\MinionAccessObject\ChasingMinionAccessObject">
      <UniqueIdentifier>{fd339955-d714-4042-a299-da4166049c08}</UniqueIdentifier>
    </Filter>
    <Filter Include="Src\ShareData\BoardManager\Board\AccessBoard\AccessObject\MinionAccessObject\RushingMinionAccessObject">
      <UniqueIdentifier>{20b50bf5-a458-43de-bbab-6ff7954cfbb9}</UniqueIdentifier>
    </Filter>
  </ItemGroup>
  <ItemGroup>
    <ClCompile Include="stdafx.cpp">
      <Filter>Source Files</Filter>
    </ClCompile>
    <ClCompile Include="Src\Main.cpp">
      <Filter>Src</Filter>
    </ClCompile>
    <ClCompile Include="Src\ButtonSet\ButtonSet.cpp">
      <Filter>Src\ButtonSet</Filter>
    </ClCompile>
    <ClCompile Include="Src\Config\Config.cpp">
      <Filter>Src\Config</Filter>
    </ClCompile>
    <ClCompile Include="Src\MyLibrary\MyLibrary.cpp">
      <Filter>Src\MyLibrary</Filter>
    </ClCompile>
    <ClCompile Include="Src\MyLibrary\SliceTexture\SliceTexture.cpp">
      <Filter>Src\MyLibrary\SliceTexture</Filter>
    </ClCompile>
    <ClCompile Include="Src\MyLibrary\SliceTexture\Animation\Animation.cpp">
      <Filter>Src\MyLibrary\SliceTexture\Animation</Filter>
    </ClCompile>
    <ClCompile Include="Src\MyPixelShader\MyPixelShader.cpp">
      <Filter>Src\MyPixelShader</Filter>
    </ClCompile>
    <ClCompile Include="Src\Scene\DesktopScene\DesktopScene.cpp">
      <Filter>Src\Scene\DesktopScene</Filter>
    </ClCompile>
    <ClCompile Include="Src\Scene\LoadScene\LoadScene.cpp">
      <Filter>Src\Scene\LoadScene</Filter>
    </ClCompile>
    <ClCompile Include="Src\Scene\LoadScene\LoadBoardScene\LoadBoardScene.cpp">
      <Filter>Src\Scene\LoadScene\LoadBoardScene</Filter>
    </ClCompile>
    <ClCompile Include="Src\Scene\LoadScene\LoadRecordScene\LoadRecordScene.cpp">
      <Filter>Src\Scene\LoadScene\LoadRecordScene</Filter>
    </ClCompile>
    <ClCompile Include="Src\Scene\LoadScene\SaveRecordScene\SaveRecordScene.cpp">
      <Filter>Src\Scene\LoadScene\SaveRecordScene</Filter>
    </ClCompile>
    <ClCompile Include="Src\Scene\SelectRecordScene\SelectRecordScene.cpp">
      <Filter>Src\Scene\SelectRecordScene</Filter>
    </ClCompile>
    <ClCompile Include="Src\Scene\TitleScene\TitleScene.cpp">
      <Filter>Src\Scene\TitleScene</Filter>
    </ClCompile>
    <ClCompile Include="Src\ShareData\BoardManager\BoardManager.cpp">
      <Filter>Src\ShareData\BoardManager</Filter>
    </ClCompile>
    <ClCompile Include="Src\ShareData\BoardManager\Board\Board.cpp">
      <Filter>Src\ShareData\BoardManager\Board</Filter>
    </ClCompile>
    <ClCompile Include="Src\ShareData\BoardManager\Board\AccessBoard\AccessBoard.cpp">
      <Filter>Src\ShareData\BoardManager\Board\AccessBoard</Filter>
    </ClCompile>
    <ClCompile Include="Src\ShareData\BoardManager\Board\AccessBoard\AccessObject\AccessObject.cpp">
      <Filter>Src\ShareData\BoardManager\Board\AccessBoard\AccessObject</Filter>
    </ClCompile>
    <ClCompile Include="Src\ShareData\BoardManager\Board\AccessBoard\AccessObject\AccessLight\AccessLight.cpp">
      <Filter>Src\ShareData\BoardManager\Board\AccessBoard\AccessObject\AccessLight</Filter>
    </ClCompile>
    <ClCompile Include="Src\ShareData\BoardManager\Board\AccessBoard\AccessObject\EnemyAccessObject\EnemyAccessObject.cpp">
      <Filter>Src\ShareData\BoardManager\Board\AccessBoard\AccessObject\EnemyAccessObject</Filter>
    </ClCompile>
    <ClCompile Include="Src\ShareData\BoardManager\Board\AccessBoard\AccessObject\GoalAccessObject\GoalAccessObject.cpp">
      <Filter>Src\ShareData\BoardManager\Board\AccessBoard\AccessObject\GoalAccessObject</Filter>
    </ClCompile>
    <ClCompile Include="Src\ShareData\BoardManager\Board\AccessBoard\AccessObject\AccessLight\PolarLine\PolarLine.cpp">
      <Filter>Src\ShareData\BoardManager\Board\AccessBoard\AccessObject\AccessLight\PolarLine</Filter>
    </ClCompile>
    <ClCompile Include="Src\ShareData\BoardManager\Board\AccessBoard\AccessObject\AccessLight\PolarLine\PolarPos\PolarPos.cpp">
      <Filter>Src\ShareData\BoardManager\Board\AccessBoard\AccessObject\AccessLight\PolarLine\PolarPos</Filter>
    </ClCompile>
    <ClCompile Include="Src\ShareData\BoardManager\Board\AccessBoard\AccessObject\MinionAccessObject\MinionAccessObject.cpp">
      <Filter>Src\ShareData\BoardManager\Board\AccessBoard\AccessObject\MinionAccessObject</Filter>
    </ClCompile>
    <ClCompile Include="Src\ShareData\BoardManager\Board\AccessBoard\AccessObject\PlayerAccessObject\PlayerAccessObject.cpp">
      <Filter>Src\ShareData\BoardManager\Board\AccessBoard\AccessObject\PlayerAccessObject</Filter>
    </ClCompile>
    <ClCompile Include="Src\ShareData\BoardManager\Board\AccessBoard\AccessState\FailedAccessState\FailedAccessState.cpp">
      <Filter>Src\ShareData\BoardManager\Board\AccessBoard\AccessState\FailedAccessState</Filter>
    </ClCompile>
    <ClCompile Include="Src\ShareData\BoardManager\Board\AccessBoard\AccessState\PlayingAccessState\PlayingAccessState.cpp">
      <Filter>Src\ShareData\BoardManager\Board\AccessBoard\AccessState\PlayingAccessState</Filter>
    </ClCompile>
    <ClCompile Include="Src\ShareData\BoardManager\Board\AccessBoard\AccessState\StartingAccessState\StartingAccessState.cpp">
      <Filter>Src\ShareData\BoardManager\Board\AccessBoard\AccessState\StartingAccessState</Filter>
    </ClCompile>
    <ClCompile Include="Src\ShareData\BoardManager\Board\AccessBoard\AccessState\SuccessAccessState\SuccessAccessState.cpp">
      <Filter>Src\ShareData\BoardManager\Board\AccessBoard\AccessState\SuccessAccessState</Filter>
    </ClCompile>
    <ClCompile Include="Src\ShareData\BoardManager\Board\AccessBoard\Terrain\Terrain.cpp">
      <Filter>Src\ShareData\BoardManager\Board\AccessBoard\Terrain</Filter>
    </ClCompile>
    <ClCompile Include="Src\ShareData\BoardManager\Board\MessageBoard\MessageBoard.cpp">
      <Filter>Src\ShareData\BoardManager\Board\MessageBoard</Filter>
    </ClCompile>
    <ClCompile Include="Src\ShareData\BoardManager\Board\MessageBoard\EventPlayer\EventObject\TextureEventObject\TextureEventObject.cpp">
      <Filter>Src\ShareData\BoardManager\Board\MessageBoard\EventPlayer\EventObject\TextureEventObject</Filter>
    </ClCompile>
    <ClCompile Include="Src\ShareData\BoardManager\Board\AccessBoard\Terrain\EdgeList\EdgeList.cpp">
      <Filter>Src\ShareData\BoardManager\Board\AccessBoard\Terrain\EdgeList</Filter>
    </ClCompile>
    <ClCompile Include="Src\ShareData\BoardManager\Board\MessageBoard\EventPlayer\EventPlayer.cpp">
      <Filter>Src\ShareData\BoardManager\Board\MessageBoard\EventPlayer</Filter>
    </ClCompile>
    <ClCompile Include="Src\ShareData\BoardManager\Board\MessageBoard\EventPlayer\EventObject\EventObject.cpp">
      <Filter>Src\ShareData\BoardManager\Board\MessageBoard\EventPlayer\EventObject</Filter>
    </ClCompile>
    <ClCompile Include="Src\ShareData\RecordSet\RecordSet.cpp">
      <Filter>Src\ShareData\RecordSet</Filter>
    </ClCompile>
    <ClCompile Include="Src\ShareData\RecordSet\Record\Record.cpp">
      <Filter>Src\ShareData\RecordSet\Record</Filter>
    </ClCompile>
    <ClCompile Include="Src\Scene\SelectRecordScene\RecordBox\RecordBox.cpp">
      <Filter>Src\Scene\SelectRecordScene\RecordBox</Filter>
    </ClCompile>
    <ClCompile Include="Src\ShareData\BoardManager\Board\MessageBoard\EventPlayer\EventObject\MessageEventObject\MessageEventObject.cpp">
      <Filter>Src\ShareData\BoardManager\Board\MessageBoard\EventPlayer\EventObject\MessageEventObject</Filter>
    </ClCompile>
    <ClCompile Include="Src\ShareData\BoardManager\Board\SecurityBoard\SecurityBoard.cpp">
      <Filter>Src\ShareData\BoardManager\Board\SecurityBoard</Filter>
    </ClCompile>
    <ClCompile Include="Src\ShareData\BoardManager\Board\AccessBoard\AccessState\AccessState.cpp">
      <Filter>Src\ShareData\BoardManager\Board\AccessBoard\AccessState</Filter>
    </ClCompile>
    <ClCompile Include="Src\ShareData\BoardManager\Board\AccessBoard\AccessObject\TrackAccessObject\TrackAccessObject.cpp">
      <Filter>Src\ShareData\BoardManager\Board\AccessBoard\AccessObject\TrackAccessObject</Filter>
    </ClCompile>
    <ClCompile Include="Src\ShareData\BoardManager\Board\BoardConst.cpp">
      <Filter>Src\ShareData\BoardManager\Board</Filter>
    </ClCompile>
    <ClCompile Include="Src\ShareData\BoardManager\Board\AccessBoard\AccessObject\MinionAccessObject\SearchingMinionAccessObject\SearchingMinionAccessObject.cpp">
      <Filter>Src\ShareData\BoardManager\Board\AccessBoard\AccessObject\MinionAccessObject\SearchingMinionAccessObject</Filter>
    </ClCompile>
    <ClCompile Include="Src\ShareData\BoardManager\Board\AccessBoard\AccessObject\MinionAccessObject\ProtectingMinionAccessObject\ProtectingMinionAccessObject.cpp">
      <Filter>Src\ShareData\BoardManager\Board\AccessBoard\AccessObject\MinionAccessObject\ProtectingMinionAccessObject</Filter>
    </ClCompile>
    <ClCompile Include="Src\ShareData\BoardManager\Board\AccessBoard\AccessObject\MinionAccessObject\ChasingMinionAccessObject\ChasingMinionAccessObject.cpp">
      <Filter>Src\ShareData\BoardManager\Board\AccessBoard\AccessObject\MinionAccessObject\ChasingMinionAccessObject</Filter>
    </ClCompile>
    <ClCompile Include="Src\ShareData\BoardManager\Board\AccessBoard\AccessObject\MinionAccessObject\RushingMinionAccessObject\RushingMinionAccessObject.cpp">
      <Filter>Source Files</Filter>
    </ClCompile>
  </ItemGroup>
  <ItemGroup>
    <Image Include="App\icon.ico">
      <Filter>Resource Files</Filter>
    </Image>
    <Image Include="App\engine\texture\box-shadow\8.png">
      <Filter>Resource Files\engine\texture\box-shadow</Filter>
    </Image>
    <Image Include="App\engine\texture\box-shadow\16.png">
      <Filter>Resource Files\engine\texture\box-shadow</Filter>
    </Image>
    <Image Include="App\engine\texture\box-shadow\32.png">
      <Filter>Resource Files\engine\texture\box-shadow</Filter>
    </Image>
    <Image Include="App\engine\texture\box-shadow\64.png">
      <Filter>Resource Files\engine\texture\box-shadow</Filter>
    </Image>
    <Image Include="App\engine\texture\box-shadow\128.png">
      <Filter>Resource Files\engine\texture\box-shadow</Filter>
    </Image>
    <Image Include="App\engine\texture\box-shadow\256.png">
      <Filter>Resource Files\engine\texture\box-shadow</Filter>
    </Image>
  </ItemGroup>
  <ItemGroup>
    <ResourceCompile Include="App\Resource.rc">
      <Filter>Resource Files</Filter>
    </ResourceCompile>
  </ItemGroup>
  <ItemGroup>
    <Text Include="App\dll\soundtouch\COPYING.TXT">
      <Filter>Resource Files\dll\soundtouch</Filter>
    </Text>
    <Text Include="App\engine\font\fontawesome\LICENSE.txt">
      <Filter>Resource Files\engine\font\fontawesome</Filter>
    </Text>
    <Text Include="App\engine\soundfont\GMGSx.sf2.txt">
      <Filter>Resource Files\engine\soundfont</Filter>
    </Text>
  </ItemGroup>
  <ItemGroup>
    <None Include="App\dll\soundtouch\SoundTouch_x64.dll">
      <Filter>Resource Files\dll\soundtouch</Filter>
    </None>
    <None Include="App\engine\font\fontawesome\fontawesome-brands.otf.zstdcmp">
      <Filter>Resource Files\engine\font\fontawesome</Filter>
    </None>
    <None Include="App\engine\font\fontawesome\fontawesome-solid.otf.zstdcmp">
      <Filter>Resource Files\engine\font\fontawesome</Filter>
    </None>
    <None Include="App\engine\font\materialdesignicons\license.md">
      <Filter>Resource Files\engine\font\materialdesignicons</Filter>
    </None>
    <None Include="App\engine\font\materialdesignicons\materialdesignicons-webfont.ttf.zstdcmp">
      <Filter>Resource Files\engine\font\materialdesignicons</Filter>
    </None>
    <None Include="App\engine\font\mplus\mplus-1p-black.ttf.zstdcmp">
      <Filter>Resource Files\engine\font\mplus</Filter>
    </None>
    <None Include="App\engine\font\mplus\mplus-1p-bold.ttf.zstdcmp">
      <Filter>Resource Files\engine\font\mplus</Filter>
    </None>
    <None Include="App\engine\font\mplus\mplus-1p-heavy.ttf.zstdcmp">
      <Filter>Resource Files\engine\font\mplus</Filter>
    </None>
    <None Include="App\engine\font\mplus\mplus-1p-light.ttf.zstdcmp">
      <Filter>Resource Files\engine\font\mplus</Filter>
    </None>
    <None Include="App\engine\font\mplus\mplus-1p-medium.ttf.zstdcmp">
      <Filter>Resource Files\engine\font\mplus</Filter>
    </None>
    <None Include="App\engine\font\mplus\mplus-1p-regular.ttf.zstdcmp">
      <Filter>Resource Files\engine\font\mplus</Filter>
    </None>
    <None Include="App\engine\font\mplus\mplus-1p-thin.ttf.zstdcmp">
      <Filter>Resource Files\engine\font\mplus</Filter>
    </None>
    <None Include="App\engine\font\mplus\LICENSE_E">
      <Filter>Resource Files\engine\font\mplus</Filter>
    </None>
    <None Include="App\engine\font\noto-cjk\LICENSE">
      <Filter>Resource Files\engine\font\noto-cjk</Filter>
    </None>
    <None Include="App\engine\font\noto-cjk\NotoSansCJK-Regular.ttc.zstdcmp">
      <Filter>Resource Files\engine\font\noto-cjk</Filter>
    </None>
    <None Include="App\engine\font\noto-cjk\NotoSansJP-Regular.otf.zstdcmp">
      <Filter>Resource Files\engine\font\noto-cjk</Filter>
    </None>
    <None Include="App\engine\font\noto-emoji\LICENSE">
      <Filter>Resource Files\engine\font\noto-emoji</Filter>
    </None>
    <None Include="App\engine\font\noto-emoji\NotoColorEmoji.ttf.zstdcmp">
      <Filter>Resource Files\engine\font\noto-emoji</Filter>
    </None>
    <None Include="App\engine\font\noto-emoji\NotoEmoji-Regular.ttf.zstdcmp">
      <Filter>Resource Files\engine\font\noto-emoji</Filter>
    </None>
    <None Include="App\engine\shader\d3d11\apply_srgb_curve.ps">
      <Filter>Resource Files\engine\shader\d3d11</Filter>
    </None>
    <None Include="App\engine\shader\d3d11\bitmapfont.ps">
      <Filter>Resource Files\engine\shader\d3d11</Filter>
    </None>
    <None Include="App\engine\shader\d3d11\copy.ps">
      <Filter>Resource Files\engine\shader\d3d11</Filter>
    </None>
    <None Include="App\engine\shader\d3d11\forward3d.ps">
      <Filter>Resource Files\engine\shader\d3d11</Filter>
    </None>
    <None Include="App\engine\shader\d3d11\fullscreen_triangle.ps">
      <Filter>Resource Files\engine\shader\d3d11</Filter>
    </None>
    <None Include="App\engine\shader\d3d11\gaussian_blur_9.ps">
      <Filter>Resource Files\engine\shader\d3d11</Filter>
    </None>
    <None Include="App\engine\shader\d3d11\line3d.ps">
      <Filter>Resource Files\engine\shader\d3d11</Filter>
    </None>
    <None Include="App\engine\shader\d3d11\msdffont.ps">
      <Filter>Resource Files\engine\shader\d3d11</Filter>
    </None>
    <None Include="App\engine\shader\d3d11\msdffont_outline.ps">
      <Filter>Resource Files\engine\shader\d3d11</Filter>
    </None>
    <None Include="App\engine\shader\d3d11\msdffont_outlineshadow.ps">
      <Filter>Resource Files\engine\shader\d3d11</Filter>
    </None>
    <None Include="App\engine\shader\d3d11\msdffont_shadow.ps">
      <Filter>Resource Files\engine\shader\d3d11</Filter>
    </None>
    <None Include="App\engine\shader\d3d11\msdfprint.ps">
      <Filter>Resource Files\engine\shader\d3d11</Filter>
    </None>
    <None Include="App\engine\shader\d3d11\round_dot.ps">
      <Filter>Resource Files\engine\shader\d3d11</Filter>
    </None>
    <None Include="App\engine\shader\d3d11\sdffont.ps">
      <Filter>Resource Files\engine\shader\d3d11</Filter>
    </None>
    <None Include="App\engine\shader\d3d11\sdffont_outline.ps">
      <Filter>Resource Files\engine\shader\d3d11</Filter>
    </None>
    <None Include="App\engine\shader\d3d11\sdffont_outlineshadow.ps">
      <Filter>Resource Files\engine\shader\d3d11</Filter>
    </None>
    <None Include="App\engine\shader\d3d11\sdffont_shadow.ps">
      <Filter>Resource Files\engine\shader\d3d11</Filter>
    </None>
    <None Include="App\engine\shader\d3d11\shape.ps">
      <Filter>Resource Files\engine\shader\d3d11</Filter>
    </None>
    <None Include="App\engine\shader\d3d11\sky.ps">
      <Filter>Resource Files\engine\shader\d3d11</Filter>
    </None>
    <None Include="App\engine\shader\d3d11\square_dot.ps">
      <Filter>Resource Files\engine\shader\d3d11</Filter>
    </None>
    <None Include="App\engine\shader\d3d11\texture.ps">
      <Filter>Resource Files\engine\shader\d3d11</Filter>
    </None>
    <None Include="App\engine\shader\d3d11\forward3d.vs">
      <Filter>Resource Files\engine\shader\d3d11</Filter>
    </None>
    <None Include="App\engine\shader\d3d11\fullscreen_triangle.vs">
      <Filter>Resource Files\engine\shader\d3d11</Filter>
    </None>
    <None Include="App\engine\shader\d3d11\line3d.vs">
      <Filter>Resource Files\engine\shader\d3d11</Filter>
    </None>
    <None Include="App\engine\shader\d3d11\sprite.vs">
      <Filter>Resource Files\engine\shader\d3d11</Filter>
    </None>
    <None Include="App\engine\shader\glsl\msdffont.frag">
      <Filter>Resource Files\engine\shader\glsl</Filter>
    </None>
    <None Include="App\engine\shader\glsl\msdffont_outline.frag">
      <Filter>Resource Files\engine\shader\glsl</Filter>
    </None>
    <None Include="App\engine\shader\glsl\msdffont_outlineshadow.frag">
      <Filter>Resource Files\engine\shader\glsl</Filter>
    </None>
    <None Include="App\engine\shader\glsl\msdffont_shadow.frag">
      <Filter>Resource Files\engine\shader\glsl</Filter>
    </None>
    <None Include="App\engine\shader\glsl\msdfprint.frag">
      <Filter>Resource Files\engine\shader\glsl</Filter>
    </None>
    <None Include="App\engine\shader\glsl\round_dot.frag">
      <Filter>Resource Files\engine\shader\glsl</Filter>
    </None>
    <None Include="App\engine\shader\glsl\sdffont.frag">
      <Filter>Resource Files\engine\shader\glsl</Filter>
    </None>
    <None Include="App\engine\shader\glsl\sdffont_outline.frag">
      <Filter>Resource Files\engine\shader\glsl</Filter>
    </None>
    <None Include="App\engine\shader\glsl\sdffont_outlineshadow.frag">
      <Filter>Resource Files\engine\shader\glsl</Filter>
    </None>
    <None Include="App\engine\shader\glsl\sdffont_shadow.frag">
      <Filter>Resource Files\engine\shader\glsl</Filter>
    </None>
    <None Include="App\engine\shader\glsl\shape.frag">
      <Filter>Resource Files\engine\shader\glsl</Filter>
    </None>
    <None Include="App\engine\shader\glsl\sky.frag">
      <Filter>Resource Files\engine\shader\glsl</Filter>
    </None>
    <None Include="App\engine\shader\glsl\sprite.vert">
      <Filter>Resource Files\engine\shader\glsl</Filter>
    </None>
    <None Include="App\engine\shader\glsl\square_dot.frag">
      <Filter>Resource Files\engine\shader\glsl</Filter>
    </None>
    <None Include="App\engine\shader\glsl\texture.frag">
      <Filter>Resource Files\engine\shader\glsl</Filter>
    </None>
    <None Include="App\engine\shader\glsl\apply_srgb_curve.frag">
      <Filter>Resource Files\engine\shader\glsl</Filter>
    </None>
    <None Include="App\engine\shader\glsl\bitmapfont.frag">
      <Filter>Resource Files\engine\shader\glsl</Filter>
    </None>
    <None Include="App\engine\shader\glsl\copy.frag">
      <Filter>Resource Files\engine\shader\glsl</Filter>
    </None>
    <None Include="App\engine\shader\glsl\forward3d.frag">
      <Filter>Resource Files\engine\shader\glsl</Filter>
    </None>
    <None Include="App\engine\shader\glsl\forward3d.vert">
      <Filter>Resource Files\engine\shader\glsl</Filter>
    </None>
    <None Include="App\engine\shader\glsl\fullscreen_triangle.frag">
      <Filter>Resource Files\engine\shader\glsl</Filter>
    </None>
    <None Include="App\engine\shader\glsl\fullscreen_triangle.vert">
      <Filter>Resource Files\engine\shader\glsl</Filter>
    </None>
    <None Include="App\engine\shader\glsl\gaussian_blur_9.frag">
      <Filter>Resource Files\engine\shader\glsl</Filter>
    </None>
    <None Include="App\engine\shader\glsl\line3d.frag">
      <Filter>Resource Files\engine\shader\glsl</Filter>
    </None>
    <None Include="App\engine\shader\glsl\line3d.vert">
      <Filter>Resource Files\engine\shader\glsl</Filter>
    </None>
    <None Include="App\engine\soundfont\GMGSx.sf2.zstdcmp">
      <Filter>Resource Files\engine\soundfont</Filter>
    </None>
    <None Include=".editorconfig" />
    <None Include="App\engine\font\min\LICENSE">
      <Filter>Resource Files\engine\font\min</Filter>
    </None>
    <None Include="App\engine\font\min\siv3d-min.woff">
      <Filter>Resource Files\engine\font\min</Filter>
    </None>
  </ItemGroup>
  <ItemGroup>
    <ClInclude Include="stdafx.h">
      <Filter>Header Files</Filter>
    </ClInclude>
    <ClInclude Include="Src\ButtonSet\ButtonSet.hpp">
      <Filter>Src\ButtonSet</Filter>
    </ClInclude>
    <ClInclude Include="Src\ButtonSet\Button\Button.hpp">
      <Filter>Src\ButtonSet\Button</Filter>
    </ClInclude>
    <ClInclude Include="Src\Config\Config.hpp">
      <Filter>Src\Config</Filter>
    </ClInclude>
    <ClInclude Include="Src\MyLibrary\MyLibrary.hpp">
      <Filter>Src\MyLibrary</Filter>
    </ClInclude>
    <ClInclude Include="Src\MyLibrary\Linearly\Linearly.hpp">
      <Filter>Src\MyLibrary\Linearly</Filter>
    </ClInclude>
    <ClInclude Include="Src\MyLibrary\SliceTexture\SliceTexture.hpp">
      <Filter>Src\MyLibrary\SliceTexture</Filter>
    </ClInclude>
    <ClInclude Include="Src\MyLibrary\SliceTexture\Animation\Animation.hpp">
      <Filter>Src\MyLibrary\SliceTexture\Animation</Filter>
    </ClInclude>
    <ClInclude Include="Src\MyPixelShader\MyPixelShader.hpp">
      <Filter>Src\MyPixelShader</Filter>
    </ClInclude>
    <ClInclude Include="Src\Scene\Scene.hpp">
      <Filter>Src\Scene</Filter>
    </ClInclude>
    <ClInclude Include="Src\Scene\SceneName.hpp">
      <Filter>Src\Scene</Filter>
    </ClInclude>
    <ClInclude Include="Src\Scene\DesktopScene\DesktopScene.hpp">
      <Filter>Src\Scene\DesktopScene</Filter>
    </ClInclude>
    <ClInclude Include="Src\Scene\LoadScene\LoadScene.hpp">
      <Filter>Src\Scene\LoadScene</Filter>
    </ClInclude>
    <ClInclude Include="Src\Scene\LoadScene\LoadBoardScene\LoadBoardScene.hpp">
      <Filter>Src\Scene\LoadScene\LoadBoardScene</Filter>
    </ClInclude>
    <ClInclude Include="Src\Scene\LoadScene\LoadRecordScene\LoadRecordScene.hpp">
      <Filter>Src\Scene\LoadScene\LoadRecordScene</Filter>
    </ClInclude>
    <ClInclude Include="Src\Scene\LoadScene\SaveRecordScene\SaveRecordScene.hpp">
      <Filter>Src\Scene\LoadScene\SaveRecordScene</Filter>
    </ClInclude>
    <ClInclude Include="Src\Scene\SelectRecordScene\SelectRecordScene.hpp">
      <Filter>Src\Scene\SelectRecordScene</Filter>
    </ClInclude>
    <ClInclude Include="Src\Scene\TitleScene\TitleScene.hpp">
      <Filter>Src\Scene\TitleScene</Filter>
    </ClInclude>
    <ClInclude Include="Src\ShareData\BoardManager\BoardManager.hpp">
      <Filter>Src\ShareData\BoardManager</Filter>
    </ClInclude>
    <ClInclude Include="Src\ShareData\BoardManager\Board\Board.hpp">
      <Filter>Src\ShareData\BoardManager\Board</Filter>
    </ClInclude>
    <ClInclude Include="Src\ShareData\BoardManager\Board\BoardConst.hpp">
      <Filter>Src\ShareData\BoardManager\Board</Filter>
    </ClInclude>
    <ClInclude Include="Src\ShareData\BoardManager\Board\AccessBoard\AccessBoard.hpp">
      <Filter>Src\ShareData\BoardManager\Board\AccessBoard</Filter>
    </ClInclude>
    <ClInclude Include="Src\ShareData\BoardManager\Board\AccessBoard\AccessObject\AccessObject.hpp">
      <Filter>Src\ShareData\BoardManager\Board\AccessBoard\AccessObject</Filter>
    </ClInclude>
    <ClInclude Include="Src\ShareData\BoardManager\Board\AccessBoard\AccessObject\AccessLight\AccessLight.hpp">
      <Filter>Src\ShareData\BoardManager\Board\AccessBoard\AccessObject\AccessLight</Filter>
    </ClInclude>
    <ClInclude Include="Src\ShareData\BoardManager\Board\AccessBoard\AccessObject\EnemyAccessObject\EnemyAccessObject.hpp">
      <Filter>Src\ShareData\BoardManager\Board\AccessBoard\AccessObject\EnemyAccessObject</Filter>
    </ClInclude>
    <ClInclude Include="Src\ShareData\BoardManager\Board\AccessBoard\AccessObject\GoalAccessObject\GoalAccessObject.hpp">
      <Filter>Src\ShareData\BoardManager\Board\AccessBoard\AccessObject\GoalAccessObject</Filter>
    </ClInclude>
    <ClInclude Include="Src\ShareData\BoardManager\Board\AccessBoard\AccessObject\AccessLight\PolarLine\PolarLine.hpp">
      <Filter>Src\ShareData\BoardManager\Board\AccessBoard\AccessObject\AccessLight\PolarLine</Filter>
    </ClInclude>
    <ClInclude Include="Src\ShareData\BoardManager\Board\AccessBoard\AccessObject\AccessLight\PolarLine\PolarPos\PolarPos.hpp">
      <Filter>Src\ShareData\BoardManager\Board\AccessBoard\AccessObject\AccessLight\PolarLine\PolarPos</Filter>
    </ClInclude>
    <ClInclude Include="Src\ShareData\BoardManager\Board\AccessBoard\AccessObject\MinionAccessObject\MinionAccessObject.hpp">
      <Filter>Src\ShareData\BoardManager\Board\AccessBoard\AccessObject\MinionAccessObject</Filter>
    </ClInclude>
    <ClInclude Include="Src\ShareData\BoardManager\Board\AccessBoard\AccessObject\PlayerAccessObject\PlayerAccessObject.hpp">
      <Filter>Src\ShareData\BoardManager\Board\AccessBoard\AccessObject\PlayerAccessObject</Filter>
    </ClInclude>
    <ClInclude Include="Src\ShareData\BoardManager\Board\AccessBoard\AccessState\AccessState.hpp">
      <Filter>Src\ShareData\BoardManager\Board\AccessBoard\AccessState</Filter>
    </ClInclude>
    <ClInclude Include="Src\ShareData\BoardManager\Board\AccessBoard\AccessState\FailedAccessState\FailedAccessState.hpp">
      <Filter>Src\ShareData\BoardManager\Board\AccessBoard\AccessState\FailedAccessState</Filter>
    </ClInclude>
    <ClInclude Include="Src\ShareData\BoardManager\Board\AccessBoard\AccessState\PlayingAccessState\PlayingAccessState.hpp">
      <Filter>Src\ShareData\BoardManager\Board\AccessBoard\AccessState\PlayingAccessState</Filter>
    </ClInclude>
    <ClInclude Include="Src\ShareData\BoardManager\Board\AccessBoard\AccessState\StartingAccessState\StartingAccessState.hpp">
      <Filter>Src\ShareData\BoardManager\Board\AccessBoard\AccessState\StartingAccessState</Filter>
    </ClInclude>
    <ClInclude Include="Src\ShareData\BoardManager\Board\AccessBoard\AccessState\SuccessAccessState\SuccessAccessState.hpp">
      <Filter>Src\ShareData\BoardManager\Board\AccessBoard\AccessState\SuccessAccessState</Filter>
    </ClInclude>
    <ClInclude Include="Src\ShareData\BoardManager\Board\AccessBoard\Terrain\Terrain.hpp">
      <Filter>Src\ShareData\BoardManager\Board\AccessBoard\Terrain</Filter>
    </ClInclude>
    <ClInclude Include="Src\ShareData\BoardManager\Board\MessageBoard\MessageBoard.hpp">
      <Filter>Src\ShareData\BoardManager\Board\MessageBoard</Filter>
    </ClInclude>
    <ClInclude Include="Src\ShareData\BoardManager\Board\MessageBoard\EventPlayer\EventObject\TextureEventObject\TextureEventObject.hpp">
      <Filter>Src\ShareData\BoardManager\Board\MessageBoard\EventPlayer\EventObject\TextureEventObject</Filter>
    </ClInclude>
    <ClInclude Include="Src\ShareData\BoardManager\Board\AccessBoard\Terrain\EdgeList\EdgeList.hpp">
      <Filter>Src\ShareData\BoardManager\Board\AccessBoard\Terrain\EdgeList</Filter>
    </ClInclude>
    <ClInclude Include="Src\ShareData\BoardManager\Board\MessageBoard\EventPlayer\EventPlayer.hpp">
      <Filter>Src\ShareData\BoardManager\Board\MessageBoard\EventPlayer</Filter>
    </ClInclude>
    <ClInclude Include="Src\ShareData\BoardManager\Board\MessageBoard\EventPlayer\EventObject\EventObject.hpp">
      <Filter>Src\ShareData\BoardManager\Board\MessageBoard\EventPlayer\EventObject</Filter>
    </ClInclude>
    <ClInclude Include="Src\ShareData\RecordSet\RecordSet.hpp">
      <Filter>Src\ShareData\RecordSet</Filter>
    </ClInclude>
    <ClInclude Include="Src\ShareData\RecordSet\Record\Record.hpp">
      <Filter>Src\ShareData\RecordSet\Record</Filter>
    </ClInclude>
    <ClInclude Include="Src\Scene\SelectRecordScene\RecordBox\RecordBox.hpp">
      <Filter>Src\Scene\SelectRecordScene\RecordBox</Filter>
    </ClInclude>
    <ClInclude Include="Src\ShareData\BoardManager\Board\MessageBoard\EventPlayer\EventObject\MessageEventObject\MessageEventObject.hpp">
      <Filter>Src\ShareData\BoardManager\Board\MessageBoard\EventPlayer\EventObject\MessageEventObject</Filter>
    </ClInclude>
    <ClInclude Include="Src\ShareData\BoardManager\Board\SecurityBoard\SecurityBoard.hpp">
      <Filter>Src\ShareData\BoardManager\Board\SecurityBoard</Filter>
    </ClInclude>
    <ClInclude Include="Src\ShareData\BoardManager\Board\AccessBoard\AccessObject\TrackAccessObject\TrackAccessObject.hpp">
      <Filter>Src\ShareData\BoardManager\Board\AccessBoard\AccessObject\TrackAccessObject</Filter>
    </ClInclude>
    <ClInclude Include="Src\ShareData\BoardManager\Board\AccessBoard\AccessObject\MinionAccessObject\SearchingMinionAccessObject\SearchingMinionAccessObject.hpp">
      <Filter>Src\ShareData\BoardManager\Board\AccessBoard\AccessObject\MinionAccessObject\SearchingMinionAccessObject</Filter>
    </ClInclude>
    <ClInclude Include="Src\ShareData\BoardManager\Board\AccessBoard\AccessObject\MinionAccessObject\ProtectingMinionAccessObject\ProtectingMinionAccessObject.hpp">
      <Filter>Src\ShareData\BoardManager\Board\AccessBoard\AccessObject\MinionAccessObject\ProtectingMinionAccessObject</Filter>
    </ClInclude>
    <ClInclude Include="Src\ShareData\BoardManager\Board\AccessBoard\AccessObject\MinionAccessObject\ChasingMinionAccessObject\ChasingMinionAccessObject.hpp">
      <Filter>Src\ShareData\BoardManager\Board\AccessBoard\AccessObject\MinionAccessObject\ChasingMinionAccessObject</Filter>
    </ClInclude>
    <ClInclude Include="Src\ShareData\BoardManager\Board\AccessBoard\AccessObject\MinionAccessObject\RushingMinionAccessObject\RushingMinionAccessObject.hpp">
      <Filter>Src\ShareData\BoardManager\Board\AccessBoard\AccessObject\MinionAccessObject\RushingMinionAccessObject</Filter>
    </ClInclude>
  </ItemGroup>
</Project>